
Microsoft Visual Studio Solution File, Format Version 12.00
# Visual Studio Version 17
VisualStudioVersion = 17.6.33815.320
MinimumVisualStudioVersion = 10.0.40219.1
Project("{2150E333-8FDC-42A3-9474-1A3956D46DE8}") = "src", "src", "{FF193ABD-7BEF-48A8-A256-478FBF0ABBC8}"
EndProject
Project("{2150E333-8FDC-42A3-9474-1A3956D46DE8}") = "tests", "tests", "{CF0B0CBC-EA90-486E-A006-50B76FE5C628}"
EndProject
Project("{2150E333-8FDC-42A3-9474-1A3956D46DE8}") = "解决方案项", "解决方案项", "{A1134490-79DC-4E05-AF32-DFF25DAC58D8}"
	ProjectSection(SolutionItems) = preProject
		readme.md = readme.md
	EndProjectSection
EndProject
Project("{FAE04EC0-301F-11D3-BF4B-00C04F79EFBC}") = "Sdcb.OpenVINO", "src\Sdcb.OpenVINO\Sdcb.OpenVINO.csproj", "{F00F49EE-49F0-45AE-8619-BD26FF81ECD1}"
EndProject
Project("{FAE04EC0-301F-11D3-BF4B-00C04F79EFBC}") = "Sdcb.OpenVINO.AutoGen", "src\Sdcb.OpenVINO.AutoGen\Sdcb.OpenVINO.AutoGen.csproj", "{88FABA6A-202F-448B-BD2B-4F3CCE5DCF63}"
EndProject
Global
	GlobalSection(SolutionConfigurationPlatforms) = preSolution
		Debug|Any CPU = Debug|Any CPU
		Release|Any CPU = Release|Any CPU
	EndGlobalSection
	GlobalSection(ProjectConfigurationPlatforms) = postSolution
		{F00F49EE-49F0-45AE-8619-BD26FF81ECD1}.Debug|Any CPU.ActiveCfg = Debug|Any CPU
		{F00F49EE-49F0-45AE-8619-BD26FF81ECD1}.Debug|Any CPU.Build.0 = Debug|Any CPU
		{F00F49EE-49F0-45AE-8619-BD26FF81ECD1}.Release|Any CPU.ActiveCfg = Release|Any CPU
		{F00F49EE-49F0-45AE-8619-BD26FF81ECD1}.Release|Any CPU.Build.0 = Release|Any CPU
		{88FABA6A-202F-448B-BD2B-4F3CCE5DCF63}.Debug|Any CPU.ActiveCfg = Debug|Any CPU
		{88FABA6A-202F-448B-BD2B-4F3CCE5DCF63}.Debug|Any CPU.Build.0 = Debug|Any CPU
		{88FABA6A-202F-448B-BD2B-4F3CCE5DCF63}.Release|Any CPU.ActiveCfg = Release|Any CPU
		{88FABA6A-202F-448B-BD2B-4F3CCE5DCF63}.Release|Any CPU.Build.0 = Release|Any CPU
	EndGlobalSection
	GlobalSection(SolutionProperties) = preSolution
		HideSolutionNode = FALSE
	EndGlobalSection
	GlobalSection(NestedProjects) = preSolution
		{F00F49EE-49F0-45AE-8619-BD26FF81ECD1} = {FF193ABD-7BEF-48A8-A256-478FBF0ABBC8}
		{88FABA6A-202F-448B-BD2B-4F3CCE5DCF63} = {FF193ABD-7BEF-48A8-A256-478FBF0ABBC8}
	EndGlobalSection
	GlobalSection(ExtensibilityGlobals) = postSolution
		SolutionGuid = {7E5CE293-BD62-4ACF-B872-285B8C995E38}
	EndGlobalSection
EndGlobal
