
Microsoft Visual Studio Solution File, Format Version 12.00
# Visual Studio Version 17
VisualStudioVersion = 17.6.33815.320
MinimumVisualStudioVersion = 10.0.40219.1
Project("{2150E333-8FDC-42A3-9474-1A3956D46DE8}") = "src", "src", "{FF193ABD-7BEF-48A8-A256-478FBF0ABBC8}"
EndProject
Project("{2150E333-8FDC-42A3-9474-1A3956D46DE8}") = "tests", "tests", "{CF0B0CBC-EA90-486E-A006-50B76FE5C628}"
EndProject
Project("{2150E333-8FDC-42A3-9474-1A3956D46DE8}") = "解决方案项", "解决方案项", "{A1134490-79DC-4E05-AF32-DFF25DAC58D8}"
	ProjectSection(SolutionItems) = preProject
		readme.md = readme.md
	EndProjectSection
EndProject
Project("{9A19103F-16F7-4668-BE54-9A1E7A4F7556}") = "Sdcb.OpenVINO", "src\Sdcb.OpenVINO\Sdcb.OpenVINO.csproj", "{F00F49EE-49F0-45AE-8619-BD26FF81ECD1}"
EndProject
Project("{2150E333-8FDC-42A3-9474-1A3956D46DE8}") = "generator", "generator", "{9E45E6A1-2F28-4604-80D0-9517077C5B5E}"
EndProject
Project("{9A19103F-16F7-4668-BE54-9A1E7A4F7556}") = "Sdcb.OpenVINO.NuGetBuilder", "generator\Sdcb.OpenVINO.NuGetBuilder\Sdcb.OpenVINO.NuGetBuilder.csproj", "{E577C2FB-41B9-45ED-A820-8DCAEEC76307}"
EndProject
Project("{9A19103F-16F7-4668-BE54-9A1E7A4F7556}") = "Sdcb.OpenVINO.AutoGen", "generator\Sdcb.OpenVINO.AutoGen\Sdcb.OpenVINO.AutoGen.csproj", "{EC9DD302-910B-47A8-9FEB-EFB0D4E9F25A}"
EndProject
Project("{2150E333-8FDC-42A3-9474-1A3956D46DE8}") = "tests", "tests", "{BA1C1F61-31A9-42D9-A607-03494BBCD04E}"
EndProject
Project("{9A19103F-16F7-4668-BE54-9A1E7A4F7556}") = "Sdcb.OpenVINO.AutoGen.Tests", "generator\tests\Sdcb.OpenVINO.AutoGen.Tests\Sdcb.OpenVINO.AutoGen.Tests.csproj", "{C8739839-3C18-4520-9064-7040A9DE53D1}"
EndProject
Project("{9A19103F-16F7-4668-BE54-9A1E7A4F7556}") = "Sdcb.OpenVINO.NuGetBuilder.Tests", "generator\tests\Sdcb.OpenVINO.NuGetBuilder.Tests\Sdcb.OpenVINO.NuGetBuilder.Tests.csproj", "{0548FF1C-0972-4B67-A9D1-B1A984234C59}"
EndProject
Project("{9A19103F-16F7-4668-BE54-9A1E7A4F7556}") = "Sdcb.OpenVINO.Tests", "tests\Sdcb.OpenVINO.Tests\Sdcb.OpenVINO.Tests.csproj", "{C5A2B816-CA4A-4938-8A30-3ED5C55834CF}"
EndProject
Project("{2150E333-8FDC-42A3-9474-1A3956D46DE8}") = "build", "build", "{74240672-224E-4E55-AF99-5EEA096BB2F4}"
	ProjectSection(SolutionItems) = preProject
		build\00-common.linq = build\00-common.linq
		build\01-build-packages.linq = build\01-build-packages.linq
		build\02-publish-proget-nuget.linq = build\02-publish-proget-nuget.linq
	EndProjectSection
EndProject
Project("{2150E333-8FDC-42A3-9474-1A3956D46DE8}") = "PaddleOCR", "PaddleOCR", "{42174B31-C7BC-4203-BC86-A5806193F4E8}"
EndProject
Project("{FAE04EC0-301F-11D3-BF4B-00C04F79EFBC}") = "Sdcb.OpenVINO.PaddleOCR", "src\Sdcb.OpenVINO.PaddleOCR\Sdcb.OpenVINO.PaddleOCR.csproj", "{DD81324A-F7DA-4532-A003-B88F22C527F8}"
EndProject
Global
	GlobalSection(SolutionConfigurationPlatforms) = preSolution
		Debug|Any CPU = Debug|Any CPU
		Release|Any CPU = Release|Any CPU
	EndGlobalSection
	GlobalSection(ProjectConfigurationPlatforms) = postSolution
		{F00F49EE-49F0-45AE-8619-BD26FF81ECD1}.Debug|Any CPU.ActiveCfg = Debug|Any CPU
		{F00F49EE-49F0-45AE-8619-BD26FF81ECD1}.Debug|Any CPU.Build.0 = Debug|Any CPU
		{F00F49EE-49F0-45AE-8619-BD26FF81ECD1}.Release|Any CPU.ActiveCfg = Release|Any CPU
		{F00F49EE-49F0-45AE-8619-BD26FF81ECD1}.Release|Any CPU.Build.0 = Release|Any CPU
		{E577C2FB-41B9-45ED-A820-8DCAEEC76307}.Debug|Any CPU.ActiveCfg = Debug|Any CPU
		{E577C2FB-41B9-45ED-A820-8DCAEEC76307}.Debug|Any CPU.Build.0 = Debug|Any CPU
		{E577C2FB-41B9-45ED-A820-8DCAEEC76307}.Release|Any CPU.ActiveCfg = Release|Any CPU
		{E577C2FB-41B9-45ED-A820-8DCAEEC76307}.Release|Any CPU.Build.0 = Release|Any CPU
		{EC9DD302-910B-47A8-9FEB-EFB0D4E9F25A}.Debug|Any CPU.ActiveCfg = Debug|Any CPU
		{EC9DD302-910B-47A8-9FEB-EFB0D4E9F25A}.Debug|Any CPU.Build.0 = Debug|Any CPU
		{EC9DD302-910B-47A8-9FEB-EFB0D4E9F25A}.Release|Any CPU.ActiveCfg = Release|Any CPU
		{EC9DD302-910B-47A8-9FEB-EFB0D4E9F25A}.Release|Any CPU.Build.0 = Release|Any CPU
		{C8739839-3C18-4520-9064-7040A9DE53D1}.Debug|Any CPU.ActiveCfg = Debug|Any CPU
		{C8739839-3C18-4520-9064-7040A9DE53D1}.Debug|Any CPU.Build.0 = Debug|Any CPU
		{C8739839-3C18-4520-9064-7040A9DE53D1}.Release|Any CPU.ActiveCfg = Release|Any CPU
		{C8739839-3C18-4520-9064-7040A9DE53D1}.Release|Any CPU.Build.0 = Release|Any CPU
		{0548FF1C-0972-4B67-A9D1-B1A984234C59}.Debug|Any CPU.ActiveCfg = Debug|Any CPU
		{0548FF1C-0972-4B67-A9D1-B1A984234C59}.Debug|Any CPU.Build.0 = Debug|Any CPU
		{0548FF1C-0972-4B67-A9D1-B1A984234C59}.Release|Any CPU.ActiveCfg = Release|Any CPU
		{0548FF1C-0972-4B67-A9D1-B1A984234C59}.Release|Any CPU.Build.0 = Release|Any CPU
		{C5A2B816-CA4A-4938-8A30-3ED5C55834CF}.Debug|Any CPU.ActiveCfg = Debug|Any CPU
		{C5A2B816-CA4A-4938-8A30-3ED5C55834CF}.Debug|Any CPU.Build.0 = Debug|Any CPU
		{C5A2B816-CA4A-4938-8A30-3ED5C55834CF}.Release|Any CPU.ActiveCfg = Release|Any CPU
		{C5A2B816-CA4A-4938-8A30-3ED5C55834CF}.Release|Any CPU.Build.0 = Release|Any CPU
		{DD81324A-F7DA-4532-A003-B88F22C527F8}.Debug|Any CPU.ActiveCfg = Debug|Any CPU
		{DD81324A-F7DA-4532-A003-B88F22C527F8}.Debug|Any CPU.Build.0 = Debug|Any CPU
		{DD81324A-F7DA-4532-A003-B88F22C527F8}.Release|Any CPU.ActiveCfg = Release|Any CPU
		{DD81324A-F7DA-4532-A003-B88F22C527F8}.Release|Any CPU.Build.0 = Release|Any CPU
	EndGlobalSection
	GlobalSection(SolutionProperties) = preSolution
		HideSolutionNode = FALSE
	EndGlobalSection
	GlobalSection(NestedProjects) = preSolution
		{F00F49EE-49F0-45AE-8619-BD26FF81ECD1} = {FF193ABD-7BEF-48A8-A256-478FBF0ABBC8}
		{E577C2FB-41B9-45ED-A820-8DCAEEC76307} = {9E45E6A1-2F28-4604-80D0-9517077C5B5E}
		{EC9DD302-910B-47A8-9FEB-EFB0D4E9F25A} = {9E45E6A1-2F28-4604-80D0-9517077C5B5E}
		{BA1C1F61-31A9-42D9-A607-03494BBCD04E} = {9E45E6A1-2F28-4604-80D0-9517077C5B5E}
		{C8739839-3C18-4520-9064-7040A9DE53D1} = {BA1C1F61-31A9-42D9-A607-03494BBCD04E}
		{0548FF1C-0972-4B67-A9D1-B1A984234C59} = {BA1C1F61-31A9-42D9-A607-03494BBCD04E}
		{C5A2B816-CA4A-4938-8A30-3ED5C55834CF} = {CF0B0CBC-EA90-486E-A006-50B76FE5C628}
		{42174B31-C7BC-4203-BC86-A5806193F4E8} = {FF193ABD-7BEF-48A8-A256-478FBF0ABBC8}
		{DD81324A-F7DA-4532-A003-B88F22C527F8} = {42174B31-C7BC-4203-BC86-A5806193F4E8}
	EndGlobalSection
	GlobalSection(ExtensibilityGlobals) = postSolution
		SolutionGuid = {7E5CE293-BD62-4ACF-B872-285B8C995E38}
	EndGlobalSection
EndGlobal
